// !$*UTF8*$!
{
	archiveVersion = 1;
	classes = {
	};
	objectVersion = 46;
	objects = {

/* Begin PBXBuildFile section */
		2ACB0F16149C8831003160E9 /* UIKit.framework in Frameworks */ = {isa = PBXBuildFile; fileRef = 2ACB0F15149C8831003160E9 /* UIKit.framework */; };
		2ACB0F18149C8831003160E9 /* Foundation.framework in Frameworks */ = {isa = PBXBuildFile; fileRef = 2ACB0F17149C8831003160E9 /* Foundation.framework */; };
		2ACB0F1A149C8831003160E9 /* CoreGraphics.framework in Frameworks */ = {isa = PBXBuildFile; fileRef = 2ACB0F19149C8831003160E9 /* CoreGraphics.framework */; };
		2ACB0F20149C8831003160E9 /* InfoPlist.strings in Resources */ = {isa = PBXBuildFile; fileRef = 2ACB0F1E149C8831003160E9 /* InfoPlist.strings */; };
		2ACB0F22149C8831003160E9 /* main.m in Sources */ = {isa = PBXBuildFile; fileRef = 2ACB0F21149C8831003160E9 /* main.m */; };
		2ACB0F26149C8831003160E9 /* com_switchrAppDelegate.m in Sources */ = {isa = PBXBuildFile; fileRef = 2ACB0F25149C8831003160E9 /* com_switchrAppDelegate.m */; };
		2ACB0F2E149C8831003160E9 /* SenTestingKit.framework in Frameworks */ = {isa = PBXBuildFile; fileRef = 2ACB0F2D149C8831003160E9 /* SenTestingKit.framework */; };
		2ACB0F2F149C8831003160E9 /* UIKit.framework in Frameworks */ = {isa = PBXBuildFile; fileRef = 2ACB0F15149C8831003160E9 /* UIKit.framework */; };
		2ACB0F30149C8831003160E9 /* Foundation.framework in Frameworks */ = {isa = PBXBuildFile; fileRef = 2ACB0F17149C8831003160E9 /* Foundation.framework */; };
		2ACB0F38149C8831003160E9 /* InfoPlist.strings in Resources */ = {isa = PBXBuildFile; fileRef = 2ACB0F36149C8831003160E9 /* InfoPlist.strings */; };
		2ACB0F3B149C8831003160E9 /* Switchr5Tests.m in Sources */ = {isa = PBXBuildFile; fileRef = 2ACB0F3A149C8831003160E9 /* Switchr5Tests.m */; };
/* End PBXBuildFile section */

/* Begin PBXContainerItemProxy section */
		2ACB0F31149C8831003160E9 /* PBXContainerItemProxy */ = {
			isa = PBXContainerItemProxy;
			containerPortal = 2ACB0F08149C8831003160E9 /* Project object */;
			proxyType = 1;
			remoteGlobalIDString = 2ACB0F10149C8831003160E9;
			remoteInfo = Switchr5;
		};
/* End PBXContainerItemProxy section */

/* Begin PBXFileReference section */
		2ACB0F11149C8831003160E9 /* Switchr5.app */ = {isa = PBXFileReference; explicitFileType = wrapper.application; includeInIndex = 0; path = Switchr5.app; sourceTree = BUILT_PRODUCTS_DIR; };
		2ACB0F15149C8831003160E9 /* UIKit.framework */ = {isa = PBXFileReference; lastKnownFileType = wrapper.framework; name = UIKit.framework; path = System/Library/Frameworks/UIKit.framework; sourceTree = SDKROOT; };
		2ACB0F17149C8831003160E9 /* Foundation.framework */ = {isa = PBXFileReference; lastKnownFileType = wrapper.framework; name = Foundation.framework; path = System/Library/Frameworks/Foundation.framework; sourceTree = SDKROOT; };
		2ACB0F19149C8831003160E9 /* CoreGraphics.framework */ = {isa = PBXFileReference; lastKnownFileType = wrapper.framework; name = CoreGraphics.framework; path = System/Library/Frameworks/CoreGraphics.framework; sourceTree = SDKROOT; };
		2ACB0F1D149C8831003160E9 /* Switchr5-Info.plist */ = {isa = PBXFileReference; path = "Switchr5-Info.plist"; sourceTree = "<group>"; };
		2ACB0F1F149C8831003160E9 /* en */ = {isa = PBXFileReference; lastKnownFileType = text.plist.strings; name = en; path = en.lproj/InfoPlist.strings; sourceTree = "<group>"; };
		2ACB0F21149C8831003160E9 /* main.m */ = {isa = PBXFileReference; lastKnownFileType = sourcecode.c.objc; path = main.m; sourceTree = "<group>"; };
		2ACB0F23149C8831003160E9 /* Switchr5-Prefix.pch */ = {isa = PBXFileReference; path = "Switchr5-Prefix.pch"; sourceTree = "<group>"; };
		2ACB0F24149C8831003160E9 /* com_switchrAppDelegate.h */ = {isa = PBXFileReference; path = com_switchrAppDelegate.h; sourceTree = "<group>"; };
		2ACB0F25149C8831003160E9 /* com_switchrAppDelegate.m */ = {isa = PBXFileReference; lastKnownFileType = sourcecode.c.objc; path = com_switchrAppDelegate.m; sourceTree = "<group>"; };
		2ACB0F2C149C8831003160E9 /* Switchr5Tests.octest */ = {isa = PBXFileReference; explicitFileType = wrapper.cfbundle; includeInIndex = 0; path = Switchr5Tests.octest; sourceTree = BUILT_PRODUCTS_DIR; };
		2ACB0F2D149C8831003160E9 /* SenTestingKit.framework */ = {isa = PBXFileReference; lastKnownFileType = wrapper.framework; name = SenTestingKit.framework; path = Library/Frameworks/SenTestingKit.framework; sourceTree = DEVELOPER_DIR; };
		2ACB0F35149C8831003160E9 /* Switchr5Tests-Info.plist */ = {isa = PBXFileReference; path = "Switchr5Tests-Info.plist"; sourceTree = "<group>"; };
		2ACB0F37149C8831003160E9 /* en */ = {isa = PBXFileReference; lastKnownFileType = text.plist.strings; name = en; path = en.lproj/InfoPlist.strings; sourceTree = "<group>"; };
		2ACB0F39149C8831003160E9 /* Switchr5Tests.h */ = {isa = PBXFileReference; path = Switchr5Tests.h; sourceTree = "<group>"; };
		2ACB0F3A149C8831003160E9 /* Switchr5Tests.m */ = {isa = PBXFileReference; lastKnownFileType = sourcecode.c.objc; path = Switchr5Tests.m; sourceTree = "<group>"; };
/* End PBXFileReference section */

/* Begin PBXFrameworksBuildPhase section */
		2ACB0F0E149C8831003160E9 /* Frameworks */ = {
			isa = PBXFrameworksBuildPhase;
			buildActionMask = 2147483647;
			files = (
				2ACB0F16149C8831003160E9 /* UIKit.framework in Frameworks */,
				2ACB0F18149C8831003160E9 /* Foundation.framework in Frameworks */,
				2ACB0F1A149C8831003160E9 /* CoreGraphics.framework in Frameworks */,
			);
			runOnlyForDeploymentPostprocessing = 0;
		};
		2ACB0F28149C8831003160E9 /* Frameworks */ = {
			isa = PBXFrameworksBuildPhase;
			buildActionMask = 2147483647;
			files = (
				2ACB0F2E149C8831003160E9 /* SenTestingKit.framework in Frameworks */,
				2ACB0F2F149C8831003160E9 /* UIKit.framework in Frameworks */,
				2ACB0F30149C8831003160E9 /* Foundation.framework in Frameworks */,
			);
			runOnlyForDeploymentPostprocessing = 0;
		};
/* End PBXFrameworksBuildPhase section */

/* Begin PBXGroup section */
		2ACB0F06149C8831003160E9 = {
			isa = PBXGroup;
			children = (
				2ACB0F1B149C8831003160E9 /* Switchr5 */,
				2ACB0F33149C8831003160E9 /* Switchr5Tests */,
				2ACB0F14149C8831003160E9 /* Frameworks */,
				2ACB0F12149C8831003160E9 /* Products */,
			);
			sourceTree = "<group>";
		};
		2ACB0F12149C8831003160E9 /* Products */ = {
			isa = PBXGroup;
			children = (
				2ACB0F11149C8831003160E9 /* Switchr5.app */,
				2ACB0F2C149C8831003160E9 /* Switchr5Tests.octest */,
			);
			name = Products;
			sourceTree = "<group>";
		};
		2ACB0F14149C8831003160E9 /* Frameworks */ = {
			isa = PBXGroup;
			children = (
				2ACB0F15149C8831003160E9 /* UIKit.framework */,
				2ACB0F17149C8831003160E9 /* Foundation.framework */,
				2ACB0F19149C8831003160E9 /* CoreGraphics.framework */,
				2ACB0F2D149C8831003160E9 /* SenTestingKit.framework */,
			);
			name = Frameworks;
			sourceTree = "<group>";
		};
		2ACB0F1B149C8831003160E9 /* Switchr5 */ = {
			isa = PBXGroup;
			children = (
				2ACB0F24149C8831003160E9 /* com_switchrAppDelegate.h */,
				2ACB0F25149C8831003160E9 /* com_switchrAppDelegate.m */,
				2ACB0F1C149C8831003160E9 /* Supporting Files */,
			);
			path = Switchr5;
			sourceTree = "<group>";
		};
		2ACB0F1C149C8831003160E9 /* Supporting Files */ = {
			isa = PBXGroup;
			children = (
				2ACB0F1D149C8831003160E9 /* Switchr5-Info.plist */,
				2ACB0F1E149C8831003160E9 /* InfoPlist.strings */,
				2ACB0F21149C8831003160E9 /* main.m */,
				2ACB0F23149C8831003160E9 /* Switchr5-Prefix.pch */,
			);
			name = "Supporting Files";
			sourceTree = "<group>";
		};
		2ACB0F33149C8831003160E9 /* Switchr5Tests */ = {
			isa = PBXGroup;
			children = (
				2ACB0F39149C8831003160E9 /* Switchr5Tests.h */,
				2ACB0F3A149C8831003160E9 /* Switchr5Tests.m */,
				2ACB0F34149C8831003160E9 /* Supporting Files */,
			);
			path = Switchr5Tests;
			sourceTree = "<group>";
		};
		2ACB0F34149C8831003160E9 /* Supporting Files */ = {
			isa = PBXGroup;
			children = (
				2ACB0F35149C8831003160E9 /* Switchr5Tests-Info.plist */,
				2ACB0F36149C8831003160E9 /* InfoPlist.strings */,
			);
			name = "Supporting Files";
			sourceTree = "<group>";
		};
/* End PBXGroup section */

/* Begin PBXNativeTarget section */
		2ACB0F10149C8831003160E9 /* Switchr5 */ = {
			isa = PBXNativeTarget;
			buildConfigurationList = 2ACB0F3E149C8831003160E9 /* Build configuration list for PBXNativeTarget "Switchr5" */;
			buildPhases = (
				2ACB0F0D149C8831003160E9 /* Sources */,
				2ACB0F0E149C8831003160E9 /* Frameworks */,
				2ACB0F0F149C8831003160E9 /* Resources */,
			);
			buildRules = (
			);
			dependencies = (
			);
			name = Switchr5;
			productName = Switchr5;
			productReference = 2ACB0F11149C8831003160E9 /* Switchr5.app */;
			productType = "com.apple.product-type.application";
		};
		2ACB0F2B149C8831003160E9 /* Switchr5Tests */ = {
			isa = PBXNativeTarget;
			buildConfigurationList = 2ACB0F41149C8831003160E9 /* Build configuration list for PBXNativeTarget "Switchr5Tests" */;
			buildPhases = (
				2ACB0F27149C8831003160E9 /* Sources */,
				2ACB0F28149C8831003160E9 /* Frameworks */,
				2ACB0F29149C8831003160E9 /* Resources */,
				2ACB0F2A149C8831003160E9 /* ShellScript */,
			);
			buildRules = (
			);
			dependencies = (
				2ACB0F32149C8831003160E9 /* PBXTargetDependency */,
			);
			name = Switchr5Tests;
			productName = Switchr5Tests;
			productReference = 2ACB0F2C149C8831003160E9 /* Switchr5Tests.octest */;
			productType = "com.apple.product-type.bundle";
		};
/* End PBXNativeTarget section */

/* Begin PBXProject section */
		2ACB0F08149C8831003160E9 /* Project object */ = {
			isa = PBXProject;
			attributes = {
				LastUpgradeCheck = 0420;
				ORGANIZATIONNAME = "University Of Pennsylvania";
			};
			buildConfigurationList = 2ACB0F0B149C8831003160E9 /* Build configuration list for PBXProject "Switchr5" */;
			compatibilityVersion = "Xcode 3.2";
			developmentRegion = English;
			hasScannedForEncodings = 0;
			knownRegions = (
				en,
			);
			mainGroup = 2ACB0F06149C8831003160E9;
			productRefGroup = 2ACB0F12149C8831003160E9 /* Products */;
			projectDirPath = "";
			projectRoot = "";
			targets = (
				2ACB0F10149C8831003160E9 /* Switchr5 */,
				2ACB0F2B149C8831003160E9 /* Switchr5Tests */,
			);
		};
/* End PBXProject section */

/* Begin PBXResourcesBuildPhase section */
		2ACB0F0F149C8831003160E9 /* Resources */ = {
			isa = PBXResourcesBuildPhase;
			buildActionMask = 2147483647;
			files = (
				2ACB0F20149C8831003160E9 /* InfoPlist.strings in Resources */,
			);
			runOnlyForDeploymentPostprocessing = 0;
		};
		2ACB0F29149C8831003160E9 /* Resources */ = {
			isa = PBXResourcesBuildPhase;
			buildActionMask = 2147483647;
			files = (
				2ACB0F38149C8831003160E9 /* InfoPlist.strings in Resources */,
			);
			runOnlyForDeploymentPostprocessing = 0;
		};
/* End PBXResourcesBuildPhase section */

/* Begin PBXShellScriptBuildPhase section */
		2ACB0F2A149C8831003160E9 /* ShellScript */ = {
			isa = PBXShellScriptBuildPhase;
			buildActionMask = 2147483647;
			files = (
			);
			inputPaths = (
			);
			outputPaths = (
			);
			runOnlyForDeploymentPostprocessing = 0;
			shellPath = /bin/sh;
			shellScript = "# Run the unit tests in this test bundle.\n\"${SYSTEM_DEVELOPER_DIR}/Tools/RunUnitTests\"\n";
		};
/* End PBXShellScriptBuildPhase section */

/* Begin PBXSourcesBuildPhase section */
		2ACB0F0D149C8831003160E9 /* Sources */ = {
			isa = PBXSourcesBuildPhase;
			buildActionMask = 2147483647;
			files = (
				2ACB0F22149C8831003160E9 /* main.m in Sources */,
				2ACB0F26149C8831003160E9 /* com_switchrAppDelegate.m in Sources */,
			);
			runOnlyForDeploymentPostprocessing = 0;
		};
		2ACB0F27149C8831003160E9 /* Sources */ = {
			isa = PBXSourcesBuildPhase;
			buildActionMask = 2147483647;
			files = (
				2ACB0F3B149C8831003160E9 /* Switchr5Tests.m in Sources */,
			);
			runOnlyForDeploymentPostprocessing = 0;
		};
/* End PBXSourcesBuildPhase section */

/* Begin PBXTargetDependency section */
		2ACB0F32149C8831003160E9 /* PBXTargetDependency */ = {
			isa = PBXTargetDependency;
			target = 2ACB0F10149C8831003160E9 /* Switchr5 */;
			targetProxy = 2ACB0F31149C8831003160E9 /* PBXContainerItemProxy */;
		};
/* End PBXTargetDependency section */

/* Begin PBXVariantGroup section */
		2ACB0F1E149C8831003160E9 /* InfoPlist.strings */ = {
			isa = PBXVariantGroup;
			children = (
				2ACB0F1F149C8831003160E9 /* en */,
			);
			name = InfoPlist.strings;
			sourceTree = "<group>";
		};
		2ACB0F36149C8831003160E9 /* InfoPlist.strings */ = {
			isa = PBXVariantGroup;
			children = (
				2ACB0F37149C8831003160E9 /* en */,
			);
			name = InfoPlist.strings;
			sourceTree = "<group>";
		};
/* End PBXVariantGroup section */

/* Begin XCBuildConfiguration section */
		2ACB0F3C149C8831003160E9 /* Debug */ = {
			isa = XCBuildConfiguration;
			buildSettings = {
				ALWAYS_SEARCH_USER_PATHS = NO;
				ARCHS = "$(ARCHS_STANDARD_32_BIT)";
				CLANG_ENABLE_OBJC_ARC = YES;
				"CODE_SIGN_IDENTITY[sdk=iphoneos*]" = "iPhone Developer";
				COPY_PHASE_STRIP = NO;
				GCC_C_LANGUAGE_STANDARD = gnu99;
				GCC_DYNAMIC_NO_PIC = NO;
				GCC_OPTIMIZATION_LEVEL = 0;
				GCC_PREPROCESSOR_DEFINITIONS = (
					"DEBUG=1",
					"$(inherited)",
				);
				GCC_SYMBOLS_PRIVATE_EXTERN = NO;
				GCC_VERSION = com.apple.compilers.llvm.clang.1_0;
				GCC_WARN_ABOUT_MISSING_PROTOTYPES = YES;
				GCC_WARN_ABOUT_RETURN_TYPE = YES;
				GCC_WARN_UNUSED_VARIABLE = YES;
				IPHONEOS_DEPLOYMENT_TARGET = 5.0;
				SDKROOT = iphoneos;
				TARGETED_DEVICE_FAMILY = "1,2";
			};
			name = Debug;
		};
		2ACB0F3D149C8831003160E9 /* Release */ = {
			isa = XCBuildConfiguration;
			buildSettings = {
				ALWAYS_SEARCH_USER_PATHS = NO;
				ARCHS = "$(ARCHS_STANDARD_32_BIT)";
				CLANG_ENABLE_OBJC_ARC = YES;
				"CODE_SIGN_IDENTITY[sdk=iphoneos*]" = "iPhone Developer";
				COPY_PHASE_STRIP = YES;
				GCC_C_LANGUAGE_STANDARD = gnu99;
				GCC_VERSION = com.apple.compilers.llvm.clang.1_0;
				GCC_WARN_ABOUT_MISSING_PROTOTYPES = YES;
				GCC_WARN_ABOUT_RETURN_TYPE = YES;
				GCC_WARN_UNUSED_VARIABLE = YES;
				IPHONEOS_DEPLOYMENT_TARGET = 5.0;
				OTHER_CFLAGS = "-DNS_BLOCK_ASSERTIONS=1";
				SDKROOT = iphoneos;
				TARGETED_DEVICE_FAMILY = "1,2";
				VALIDATE_PRODUCT = YES;
			};
			name = Release;
		};
		2ACB0F3F149C8831003160E9 /* Debug */ = {
			isa = XCBuildConfiguration;
			buildSettings = {
				GCC_PRECOMPILE_PREFIX_HEADER = YES;
				GCC_PREFIX_HEADER = "Switchr5/Switchr5-Prefix.pch";
				INFOPLIST_FILE = "Switchr5/Switchr5-Info.plist";
				PRODUCT_NAME = "$(TARGET_NAME)";
				WRAPPER_EXTENSION = app;
			};
			name = Debug;
		};
		2ACB0F40149C8831003160E9 /* Release */ = {
			isa = XCBuildConfiguration;
			buildSettings = {
				GCC_PRECOMPILE_PREFIX_HEADER = YES;
				GCC_PREFIX_HEADER = "Switchr5/Switchr5-Prefix.pch";
				INFOPLIST_FILE = "Switchr5/Switchr5-Info.plist";
				PRODUCT_NAME = "$(TARGET_NAME)";
				WRAPPER_EXTENSION = app;
			};
			name = Release;
		};
		2ACB0F42149C8831003160E9 /* Debug */ = {
			isa = XCBuildConfiguration;
			buildSettings = {
				BUNDLE_LOADER = "$(BUILT_PRODUCTS_DIR)/Switchr5.app/Switchr5";
				FRAMEWORK_SEARCH_PATHS = (
					"$(SDKROOT)/Developer/Library/Frameworks",
					"$(DEVELOPER_LIBRARY_DIR)/Frameworks",
				);
				GCC_PRECOMPILE_PREFIX_HEADER = YES;
				GCC_PREFIX_HEADER = "Switchr5/Switchr5-Prefix.pch";
				INFOPLIST_FILE = "Switchr5Tests/Switchr5Tests-Info.plist";
				PRODUCT_NAME = "$(TARGET_NAME)";
				TEST_HOST = "$(BUNDLE_LOADER)";
				WRAPPER_EXTENSION = octest;
			};
			name = Debug;
		};
		2ACB0F43149C8831003160E9 /* Release */ = {
			isa = XCBuildConfiguration;
			buildSettings = {
				BUNDLE_LOADER = "$(BUILT_PRODUCTS_DIR)/Switchr5.app/Switchr5";
				FRAMEWORK_SEARCH_PATHS = (
					"$(SDKROOT)/Developer/Library/Frameworks",
					"$(DEVELOPER_LIBRARY_DIR)/Frameworks",
				);
				GCC_PRECOMPILE_PREFIX_HEADER = YES;
				GCC_PREFIX_HEADER = "Switchr5/Switchr5-Prefix.pch";
				INFOPLIST_FILE = "Switchr5Tests/Switchr5Tests-Info.plist";
				PRODUCT_NAME = "$(TARGET_NAME)";
				TEST_HOST = "$(BUNDLE_LOADER)";
				WRAPPER_EXTENSION = octest;
			};
			name = Release;
		};
/* End XCBuildConfiguration section */

/* Begin XCConfigurationList section */
		2ACB0F0B149C8831003160E9 /* Build configuration list for PBXProject "Switchr5" */ = {
			isa = XCConfigurationList;
			buildConfigurations = (
				2ACB0F3C149C8831003160E9 /* Debug */,
				2ACB0F3D149C8831003160E9 /* Release */,
			);
			defaultConfigurationIsVisible = 0;
			defaultConfigurationName = Release;
		};
		2ACB0F3E149C8831003160E9 /* Build configuration list for PBXNativeTarget "Switchr5" */ = {
			isa = XCConfigurationList;
			buildConfigurations = (
				2ACB0F3F149C8831003160E9 /* Debug */,
				2ACB0F40149C8831003160E9 /* Release */,
			);
			defaultConfigurationIsVisible = 0;
		};
		2ACB0F41149C8831003160E9 /* Build configuration list for PBXNativeTarget "Switchr5Tests" */ = {
			isa = XCConfigurationList;
			buildConfigurations = (
				2ACB0F42149C8831003160E9 /* Debug */,
				2ACB0F43149C8831003160E9 /* Release */,
			);
			defaultConfigurationIsVisible = 0;
		};
/* End XCConfigurationList section */
	};
	rootObject = 2ACB0F08149C8831003160E9 /* Project object */;
}
